<?xml version="1.0" encoding="utf-8"?>
<Project ToolsVersion="4.0" xmlns="http://schemas.microsoft.com/developer/msbuild/2003">
  <ItemGroup>
    <Filter Include="Source Files">
      <UniqueIdentifier>{4FC737F1-C7A5-4376-A066-2A32D752A2FF}</UniqueIdentifier>
      <Extensions>cpp;c;cc;cxx;c++;cppm;ixx;def;odl;idl;hpj;bat;asm;asmx</Extensions>
    </Filter>
    <Filter Include="Header Files">
      <UniqueIdentifier>{93995380-89BD-4b04-88EB-625FBE52EBFB}</UniqueIdentifier>
      <Extensions>h;hh;hpp;hxx;h++;hm;inl;inc;ipp;xsd</Extensions>
    </Filter>
    <Filter Include="Resource Files">
      <UniqueIdentifier>{67DA6AB6-F800-4c08-8B7A-83BB121AAD01}</UniqueIdentifier>
      <Extensions>rc;ico;cur;bmp;dlg;rc2;rct;bin;rgs;gif;jpg;jpeg;jpe;resx;tiff;tif;png;wav;mfcribbon-ms</Extensions>
    </Filter>
  </ItemGroup>
  <ItemGroup>
    <ClCompile Include="core\main.cpp">
      <Filter>Source Files</Filter>
    </ClCompile>
    <ClCompile Include="core\pe\pe.cpp">
      <Filter>Source Files</Filter>
    </ClCompile>
  </ItemGroup>
  <ItemGroup>
    <ClInclude Include="core\util\files.h">
      <Filter>Header Files</Filter>
    </ClInclude>
    <ClInclude Include="core\pe\pe.h">
      <Filter>Header Files</Filter>
    </ClInclude>
    <ClInclude Include="external\zasm\base\immediate.hpp">
      <Filter>Header Files</Filter>
    </ClInclude>
    <ClInclude Include="external\zasm\base\instruction.hpp">
      <Filter>Header Files</Filter>
    </ClInclude>
    <ClInclude Include="external\zasm\base\label.hpp">
      <Filter>Header Files</Filter>
    </ClInclude>
    <ClInclude Include="external\zasm\base\memory.hpp">
      <Filter>Header Files</Filter>
    </ClInclude>
    <ClInclude Include="external\zasm\base\meta.hpp">
      <Filter>Header Files</Filter>
    </ClInclude>
    <ClInclude Include="external\zasm\base\mode.hpp">
      <Filter>Header Files</Filter>
    </ClInclude>
    <ClInclude Include="external\zasm\base\operand.hpp">
      <Filter>Header Files</Filter>
    </ClInclude>
    <ClInclude Include="external\zasm\base\register.hpp">
      <Filter>Header Files</Filter>
    </ClInclude>
    <ClInclude Include="external\zasm\core\bitsize.hpp">
      <Filter>Header Files</Filter>
    </ClInclude>
    <ClInclude Include="external\zasm\core\enumflags.hpp">
      <Filter>Header Files</Filter>
    </ClInclude>
    <ClInclude Include="external\zasm\core\errors.hpp">
      <Filter>Header Files</Filter>
    </ClInclude>
    <ClInclude Include="external\zasm\core\expected.hpp">
      <Filter>Header Files</Filter>
    </ClInclude>
    <ClInclude Include="external\zasm\core\filestream.hpp">
      <Filter>Header Files</Filter>
    </ClInclude>
    <ClInclude Include="external\zasm\core\math.hpp">
      <Filter>Header Files</Filter>
    </ClInclude>
    <ClInclude Include="external\zasm\core\memorystream.hpp">
      <Filter>Header Files</Filter>
    </ClInclude>
    <ClInclude Include="external\zasm\core\objectpool.hpp">
      <Filter>Header Files</Filter>
    </ClInclude>
    <ClInclude Include="external\zasm\core\packed.hpp">
      <Filter>Header Files</Filter>
    </ClInclude>
    <ClInclude Include="external\zasm\core\stream.hpp">
      <Filter>Header Files</Filter>
    </ClInclude>
    <ClInclude Include="external\zasm\core\stringpool.hpp">
      <Filter>Header Files</Filter>
    </ClInclude>
    <ClInclude Include="external\zasm\core\strongtype.hpp">
      <Filter>Header Files</Filter>
    </ClInclude>
    <ClInclude Include="external\zasm\decoder\decoder.hpp">
      <Filter>Header Files</Filter>
    </ClInclude>
    <ClInclude Include="external\zasm\encoder\encoder.hpp">
      <Filter>Header Files</Filter>
    </ClInclude>
    <ClInclude Include="external\zasm\formatter\formatter.hpp">
      <Filter>Header Files</Filter>
    </ClInclude>
    <ClInclude Include="external\zasm\program\align.hpp">
      <Filter>Header Files</Filter>
    </ClInclude>
    <ClInclude Include="external\zasm\program\data.hpp">
      <Filter>Header Files</Filter>
    </ClInclude>
    <ClInclude Include="external\zasm\program\embeddedlabel.hpp">
      <Filter>Header Files</Filter>
    </ClInclude>
    <ClInclude Include="external\zasm\program\instruction.hpp">
      <Filter>Header Files</Filter>
    </ClInclude>
    <ClInclude Include="external\zasm\program\labeldata.hpp">
      <Filter>Header Files</Filter>
    </ClInclude>
    <ClInclude Include="external\zasm\program\node.hpp">
      <Filter>Header Files</Filter>
    </ClInclude>
    <ClInclude Include="external\zasm\program\observer.hpp">
      <Filter>Header Files</Filter>
    </ClInclude>
    <ClInclude Include="external\zasm\program\program.hpp">
      <Filter>Header Files</Filter>
    </ClInclude>
    <ClInclude Include="external\zasm\program\saverestore.hpp">
      <Filter>Header Files</Filter>
    </ClInclude>
    <ClInclude Include="external\zasm\program\section.hpp">
      <Filter>Header Files</Filter>
    </ClInclude>
    <ClInclude Include="external\zasm\program\sentinel.hpp">
      <Filter>Header Files</Filter>
    </ClInclude>
    <ClInclude Include="external\zasm\serialization\serializer.hpp">
      <Filter>Header Files</Filter>
    </ClInclude>
    <ClInclude Include="external\zasm\x86\assembler.hpp">
      <Filter>Header Files</Filter>
    </ClInclude>
    <ClInclude Include="external\zasm\x86\emitter.hpp">
      <Filter>Header Files</Filter>
    </ClInclude>
    <ClInclude Include="external\zasm\x86\memory.hpp">
      <Filter>Header Files</Filter>
    </ClInclude>
    <ClInclude Include="external\zasm\x86\meta.hpp">
      <Filter>Header Files</Filter>
    </ClInclude>
    <ClInclude Include="external\zasm\x86\mnemonic.hpp">
      <Filter>Header Files</Filter>
    </ClInclude>
    <ClInclude Include="external\zasm\x86\register.hpp">
      <Filter>Header Files</Filter>
    </ClInclude>
    <ClInclude Include="external\zasm\x86\x86.hpp">
      <Filter>Header Files</Filter>
    </ClInclude>
    <ClInclude Include="external\zasm\zasm.hpp">
      <Filter>Header Files</Filter>
    </ClInclude>
    <ClInclude Include="external\linux_pe\coff\auxiliaries\aux_file_name.hpp">
      <Filter>Header Files</Filter>
    </ClInclude>
    <ClInclude Include="external\linux_pe\coff\auxiliaries\aux_function.hpp">
      <Filter>Header Files</Filter>
    </ClInclude>
    <ClInclude Include="external\linux_pe\coff\auxiliaries\aux_function_delimiter.hpp">
      <Filter>Header Files</Filter>
    </ClInclude>
    <ClInclude Include="external\linux_pe\coff\auxiliaries\aux_section.hpp">
      <Filter>Header Files</Filter>
    </ClInclude>
    <ClInclude Include="external\linux_pe\coff\auxiliaries\aux_weak_external.hpp">
      <Filter>Header Files</Filter>
    </ClInclude>
    <ClInclude Include="external\linux_pe\coff\archive.hpp">
      <Filter>Header Files</Filter>
    </ClInclude>
    <ClInclude Include="external\linux_pe\coff\file_header.hpp">
      <Filter>Header Files</Filter>
    </ClInclude>
    <ClInclude Include="external\linux_pe\coff\image.hpp">
      <Filter>Header Files</Filter>
    </ClInclude>
    <ClInclude Include="external\linux_pe\coff\import_library.hpp">
      <Filter>Header Files</Filter>
    </ClInclude>
    <ClInclude Include="external\linux_pe\coff\line_number.hpp">
      <Filter>Header Files</Filter>
    </ClInclude>
    <ClInclude Include="external\linux_pe\coff\reloc.hpp">
      <Filter>Header Files</Filter>
    </ClInclude>
    <ClInclude Include="external\linux_pe\coff\section_header.hpp">
      <Filter>Header Files</Filter>
    </ClInclude>
    <ClInclude Include="external\linux_pe\coff\string.hpp">
      <Filter>Header Files</Filter>
    </ClInclude>
    <ClInclude Include="external\linux_pe\coff\symbol.hpp">
      <Filter>Header Files</Filter>
    </ClInclude>
    <ClInclude Include="external\linux_pe\coff\uleb128.hpp">
      <Filter>Header Files</Filter>
    </ClInclude>
    <ClInclude Include="external\linux_pe\nt\directories\dir_debug.hpp">
      <Filter>Header Files</Filter>
    </ClInclude>
    <ClInclude Include="external\linux_pe\nt\directories\dir_delay_load.hpp">
      <Filter>Header Files</Filter>
    </ClInclude>
    <ClInclude Include="external\linux_pe\nt\directories\dir_exceptions.hpp">
      <Filter>Header Files</Filter>
    </ClInclude>
    <ClInclude Include="external\linux_pe\nt\directories\dir_export.hpp">
      <Filter>Header Files</Filter>
    </ClInclude>
    <ClInclude Include="external\linux_pe\nt\directories\dir_iat.hpp">
      <Filter>Header Files</Filter>
    </ClInclude>
    <ClInclude Include="external\linux_pe\nt\directories\dir_import.hpp">
      <Filter>Header Files</Filter>
    </ClInclude>
    <ClInclude Include="external\linux_pe\nt\directories\dir_load_config.hpp">
      <Filter>Header Files</Filter>
    </ClInclude>
    <ClInclude Include="external\linux_pe\nt\directories\dir_relocs.hpp">
      <Filter>Header Files</Filter>
    </ClInclude>
    <ClInclude Include="external\linux_pe\nt\directories\dir_resource.hpp">
      <Filter>Header Files</Filter>
    </ClInclude>
    <ClInclude Include="external\linux_pe\nt\directories\dir_security.hpp">
      <Filter>Header Files</Filter>
    </ClInclude>
    <ClInclude Include="external\linux_pe\nt\directories\dir_tls.hpp">
      <Filter>Header Files</Filter>
    </ClInclude>
    <ClInclude Include="external\linux_pe\nt\data_directories.hpp">
      <Filter>Header Files</Filter>
    </ClInclude>
    <ClInclude Include="external\linux_pe\nt\image.hpp">
      <Filter>Header Files</Filter>
    </ClInclude>
    <ClInclude Include="external\linux_pe\nt\nt_headers.hpp">
      <Filter>Header Files</Filter>
    </ClInclude>
    <ClInclude Include="external\linux_pe\nt\optional_header.hpp">
      <Filter>Header Files</Filter>
    </ClInclude>
    <ClInclude Include="external\linux_pe\img_common.hpp">
      <Filter>Header Files</Filter>
    </ClInclude>
  </ItemGroup>
  <ItemGroup>
    <None Include="external\linux_pe\linuxpe" />
  </ItemGroup>
</Project>